// !$*UTF8*$!
{
	archiveVersion = 1;
	classes = {
	};
	objectVersion = 46;
	objects = {

/* Begin PBXBuildFile section */
		3638EFDE1DB45E1C003BD7BA /* main.m in Sources */ = {isa = PBXBuildFile; fileRef = 3638EFDD1DB45E1C003BD7BA /* main.m */; };
		3638EFE11DB45E1C003BD7BA /* AppDelegate.m in Sources */ = {isa = PBXBuildFile; fileRef = 3638EFE01DB45E1C003BD7BA /* AppDelegate.m */; };
		3638EFE71DB45E1C003BD7BA /* Main.storyboard in Resources */ = {isa = PBXBuildFile; fileRef = 3638EFE51DB45E1C003BD7BA /* Main.storyboard */; };
		3638EFE91DB45E1C003BD7BA /* Assets.xcassets in Resources */ = {isa = PBXBuildFile; fileRef = 3638EFE81DB45E1C003BD7BA /* Assets.xcassets */; };
		3638EFEC1DB45E1C003BD7BA /* LaunchScreen.storyboard in Resources */ = {isa = PBXBuildFile; fileRef = 3638EFEA1DB45E1C003BD7BA /* LaunchScreen.storyboard */; };
		3638EFF81DB45EAA003BD7BA /* DemoViewController.m in Sources */ = {isa = PBXBuildFile; fileRef = 3638EFF51DB45EAA003BD7BA /* DemoViewController.m */; };
		3638EFF91DB45EAA003BD7BA /* ZCSlotMachine.m in Sources */ = {isa = PBXBuildFile; fileRef = 3638EFF71DB45EAA003BD7BA /* ZCSlotMachine.m */; };
		3638F0031DB45EEC003BD7BA /* Batman@2x.png in Resources */ = {isa = PBXBuildFile; fileRef = 3638EFFB1DB45EEC003BD7BA /* Batman@2x.png */; };
		3638F0041DB45EEC003BD7BA /* Doraemon@2x.png in Resources */ = {isa = PBXBuildFile; fileRef = 3638EFFC1DB45EEC003BD7BA /* Doraemon@2x.png */; };
		3638F0051DB45EEC003BD7BA /* Mario@2x.png in Resources */ = {isa = PBXBuildFile; fileRef = 3638EFFD1DB45EEC003BD7BA /* Mario@2x.png */; };
		3638F0061DB45EEC003BD7BA /* Nobi Nobita@2x.png in Resources */ = {isa = PBXBuildFile; fileRef = 3638EFFE1DB45EEC003BD7BA /* Nobi Nobita@2x.png */; };
		3638F0071DB45EEC003BD7BA /* SlotMachineBackground@2x.png in Resources */ = {isa = PBXBuildFile; fileRef = 3638EFFF1DB45EEC003BD7BA /* SlotMachineBackground@2x.png */; };
		3638F0081DB45EEC003BD7BA /* SlotMachineCover@2x.png in Resources */ = {isa = PBXBuildFile; fileRef = 3638F0001DB45EEC003BD7BA /* SlotMachineCover@2x.png */; };
		3638F0091DB45EEC003BD7BA /* StartBtn_H@2x.png in Resources */ = {isa = PBXBuildFile; fileRef = 3638F0011DB45EEC003BD7BA /* StartBtn_H@2x.png */; };
		3638F00A1DB45EEC003BD7BA /* StartBtn_N@2x.png in Resources */ = {isa = PBXBuildFile; fileRef = 3638F0021DB45EEC003BD7BA /* StartBtn_N@2x.png */; };
		3638F00C1DB46210003BD7BA /* UIKit.framework in Frameworks */ = {isa = PBXBuildFile; fileRef = 3638F00B1DB46210003BD7BA /* UIKit.framework */; };
		3638F00E1DB46217003BD7BA /* CoreGraphics.framework in Frameworks */ = {isa = PBXBuildFile; fileRef = 3638F00D1DB46217003BD7BA /* CoreGraphics.framework */; };
		3638F0101DB46227003BD7BA /* QuartzCore.framework in Frameworks */ = {isa = PBXBuildFile; fileRef = 3638F00F1DB46227003BD7BA /* QuartzCore.framework */; };
		3638F0121DB46235003BD7BA /* Foundation.framework in Frameworks */ = {isa = PBXBuildFile; fileRef = 3638F0111DB46235003BD7BA /* Foundation.framework */; };
		365655A31DB70EEA00424643 /* ZPopView.m in Sources */ = {isa = PBXBuildFile; fileRef = 365655A21DB70EEA00424643 /* ZPopView.m */; };
		365655A71DB7182D00424643 /* lottery_rule.png in Resources */ = {isa = PBXBuildFile; fileRef = 365655A61DB7182D00424643 /* lottery_rule.png */; };
		365655A91DB73A5700424643 /* atg.png in Resources */ = {isa = PBXBuildFile; fileRef = 365655A81DB73A5700424643 /* atg.png */; };
		365655AB1DB749A500424643 /* lotter_btn_music_up1.png in Resources */ = {isa = PBXBuildFile; fileRef = 365655AA1DB749A500424643 /* lotter_btn_music_up1.png */; };
		365655AD1DB74E4000424643 /* lottery_music1.mp3 in Resources */ = {isa = PBXBuildFile; fileRef = 365655AC1DB74E4000424643 /* lottery_music1.mp3 */; };
		365655AF1DB74EA400424643 /* AVFoundation.framework in Frameworks */ = {isa = PBXBuildFile; fileRef = 365655AE1DB74EA400424643 /* AVFoundation.framework */; };
		36CEB83E1DB75DBF003D0D7A /* lotter_btn_music_down1.png in Resources */ = {isa = PBXBuildFile; fileRef = 36CEB83D1DB75DBF003D0D7A /* lotter_btn_music_down1.png */; };
		36E491ED1DB61E19008EBF8D /* lotter_bg.png in Resources */ = {isa = PBXBuildFile; fileRef = 36E491E11DB61E19008EBF8D /* lotter_bg.png */; };
		36E491EE1DB61E19008EBF8D /* lotter_btn_music_down.png in Resources */ = {isa = PBXBuildFile; fileRef = 36E491E21DB61E19008EBF8D /* lotter_btn_music_down.png */; };
		36E491EF1DB61E19008EBF8D /* lotter_btn_music_up.png in Resources */ = {isa = PBXBuildFile; fileRef = 36E491E31DB61E19008EBF8D /* lotter_btn_music_up.png */; };
		36E491F01DB61E19008EBF8D /* lotter_btn_reward.png in Resources */ = {isa = PBXBuildFile; fileRef = 36E491E41DB61E19008EBF8D /* lotter_btn_reward.png */; };
		36E491F11DB61E19008EBF8D /* lotter_btn_rule.png in Resources */ = {isa = PBXBuildFile; fileRef = 36E491E51DB61E19008EBF8D /* lotter_btn_rule.png */; };
		36E491F21DB61E19008EBF8D /* lotter_btn_share_down.png in Resources */ = {isa = PBXBuildFile; fileRef = 36E491E61DB61E19008EBF8D /* lotter_btn_share_down.png */; };
		36E491F31DB61E19008EBF8D /* lotter_btn_share_up.png in Resources */ = {isa = PBXBuildFile; fileRef = 36E491E71DB61E19008EBF8D /* lotter_btn_share_up.png */; };
		36E491F41DB61E19008EBF8D /* lottery_btn_cancel.png in Resources */ = {isa = PBXBuildFile; fileRef = 36E491E81DB61E19008EBF8D /* lottery_btn_cancel.png */; };
		36E491F51DB61E19008EBF8D /* lottery_btn_go_down.png in Resources */ = {isa = PBXBuildFile; fileRef = 36E491E91DB61E19008EBF8D /* lottery_btn_go_down.png */; };
		36E491F61DB61E19008EBF8D /* lottery_btn_go_up.png in Resources */ = {isa = PBXBuildFile; fileRef = 36E491EA1DB61E19008EBF8D /* lottery_btn_go_up.png */; };
		36E491F71DB61E19008EBF8D /* lottery_reward.png in Resources */ = {isa = PBXBuildFile; fileRef = 36E491EB1DB61E19008EBF8D /* lottery_reward.png */; };
/* End PBXBuildFile section */

/* Begin PBXFileReference section */
		3638EFD91DB45E1C003BD7BA /* LaBaTargetMachine.app */ = {isa = PBXFileReference; explicitFileType = wrapper.application; includeInIndex = 0; path = LaBaTargetMachine.app; sourceTree = BUILT_PRODUCTS_DIR; };
		3638EFDD1DB45E1C003BD7BA /* main.m */ = {isa = PBXFileReference; lastKnownFileType = sourcecode.c.objc; path = main.m; sourceTree = "<group>"; };
		3638EFDF1DB45E1C003BD7BA /* AppDelegate.h */ = {isa = PBXFileReference; lastKnownFileType = sourcecode.c.h; path = AppDelegate.h; sourceTree = "<group>"; };
		3638EFE01DB45E1C003BD7BA /* AppDelegate.m */ = {isa = PBXFileReference; lastKnownFileType = sourcecode.c.objc; path = AppDelegate.m; sourceTree = "<group>"; };
		3638EFE61DB45E1C003BD7BA /* Base */ = {isa = PBXFileReference; lastKnownFileType = file.storyboard; name = Base; path = Base.lproj/Main.storyboard; sourceTree = "<group>"; };
		3638EFE81DB45E1C003BD7BA /* Assets.xcassets */ = {isa = PBXFileReference; lastKnownFileType = folder.assetcatalog; path = Assets.xcassets; sourceTree = "<group>"; };
		3638EFEB1DB45E1C003BD7BA /* Base */ = {isa = PBXFileReference; lastKnownFileType = file.storyboard; name = Base; path = Base.lproj/LaunchScreen.storyboard; sourceTree = "<group>"; };
		3638EFED1DB45E1C003BD7BA /* Info.plist */ = {isa = PBXFileReference; lastKnownFileType = text.plist.xml; path = Info.plist; sourceTree = "<group>"; };
		3638EFF41DB45EAA003BD7BA /* DemoViewController.h */ = {isa = PBXFileReference; fileEncoding = 4; lastKnownFileType = sourcecode.c.h; path = DemoViewController.h; sourceTree = "<group>"; };
		3638EFF51DB45EAA003BD7BA /* DemoViewController.m */ = {isa = PBXFileReference; fileEncoding = 4; lastKnownFileType = sourcecode.c.objc; path = DemoViewController.m; sourceTree = "<group>"; };
		3638EFF61DB45EAA003BD7BA /* ZCSlotMachine.h */ = {isa = PBXFileReference; fileEncoding = 4; lastKnownFileType = sourcecode.c.h; path = ZCSlotMachine.h; sourceTree = "<group>"; };
		3638EFF71DB45EAA003BD7BA /* ZCSlotMachine.m */ = {isa = PBXFileReference; fileEncoding = 4; lastKnownFileType = sourcecode.c.objc; path = ZCSlotMachine.m; sourceTree = "<group>"; };
		3638EFFB1DB45EEC003BD7BA /* Batman@2x.png */ = {isa = PBXFileReference; lastKnownFileType = image.png; path = "Batman@2x.png"; sourceTree = "<group>"; };
		3638EFFC1DB45EEC003BD7BA /* Doraemon@2x.png */ = {isa = PBXFileReference; lastKnownFileType = image.png; path = "Doraemon@2x.png"; sourceTree = "<group>"; };
		3638EFFD1DB45EEC003BD7BA /* Mario@2x.png */ = {isa = PBXFileReference; lastKnownFileType = image.png; path = "Mario@2x.png"; sourceTree = "<group>"; };
		3638EFFE1DB45EEC003BD7BA /* Nobi Nobita@2x.png */ = {isa = PBXFileReference; lastKnownFileType = image.png; path = "Nobi Nobita@2x.png"; sourceTree = "<group>"; };
		3638EFFF1DB45EEC003BD7BA /* SlotMachineBackground@2x.png */ = {isa = PBXFileReference; lastKnownFileType = image.png; path = "SlotMachineBackground@2x.png"; sourceTree = "<group>"; };
		3638F0001DB45EEC003BD7BA /* SlotMachineCover@2x.png */ = {isa = PBXFileReference; lastKnownFileType = image.png; path = "SlotMachineCover@2x.png"; sourceTree = "<group>"; };
		3638F0011DB45EEC003BD7BA /* StartBtn_H@2x.png */ = {isa = PBXFileReference; lastKnownFileType = image.png; path = "StartBtn_H@2x.png"; sourceTree = "<group>"; };
		3638F0021DB45EEC003BD7BA /* StartBtn_N@2x.png */ = {isa = PBXFileReference; lastKnownFileType = image.png; path = "StartBtn_N@2x.png"; sourceTree = "<group>"; };
		3638F00B1DB46210003BD7BA /* UIKit.framework */ = {isa = PBXFileReference; lastKnownFileType = wrapper.framework; name = UIKit.framework; path = System/Library/Frameworks/UIKit.framework; sourceTree = SDKROOT; };
		3638F00D1DB46217003BD7BA /* CoreGraphics.framework */ = {isa = PBXFileReference; lastKnownFileType = wrapper.framework; name = CoreGraphics.framework; path = System/Library/Frameworks/CoreGraphics.framework; sourceTree = SDKROOT; };
		3638F00F1DB46227003BD7BA /* QuartzCore.framework */ = {isa = PBXFileReference; lastKnownFileType = wrapper.framework; name = QuartzCore.framework; path = System/Library/Frameworks/QuartzCore.framework; sourceTree = SDKROOT; };
		3638F0111DB46235003BD7BA /* Foundation.framework */ = {isa = PBXFileReference; lastKnownFileType = wrapper.framework; name = Foundation.framework; path = System/Library/Frameworks/Foundation.framework; sourceTree = SDKROOT; };
		365655A11DB70EEA00424643 /* ZPopView.h */ = {isa = PBXFileReference; fileEncoding = 4; lastKnownFileType = sourcecode.c.h; path = ZPopView.h; sourceTree = "<group>"; };
		365655A21DB70EEA00424643 /* ZPopView.m */ = {isa = PBXFileReference; fileEncoding = 4; lastKnownFileType = sourcecode.c.objc; path = ZPopView.m; sourceTree = "<group>"; };
		365655A61DB7182D00424643 /* lottery_rule.png */ = {isa = PBXFileReference; lastKnownFileType = image.png; path = lottery_rule.png; sourceTree = "<group>"; };
		365655A81DB73A5700424643 /* atg.png */ = {isa = PBXFileReference; lastKnownFileType = image.png; path = atg.png; sourceTree = "<group>"; };
		365655AA1DB749A500424643 /* lotter_btn_music_up1.png */ = {isa = PBXFileReference; lastKnownFileType = image.png; path = lotter_btn_music_up1.png; sourceTree = "<group>"; };
		365655AC1DB74E4000424643 /* lottery_music1.mp3 */ = {isa = PBXFileReference; lastKnownFileType = audio.mp3; path = lottery_music1.mp3; sourceTree = "<group>"; };
		365655AE1DB74EA400424643 /* AVFoundation.framework */ = {isa = PBXFileReference; lastKnownFileType = wrapper.framework; name = AVFoundation.framework; path = System/Library/Frameworks/AVFoundation.framework; sourceTree = SDKROOT; };
		36CEB83D1DB75DBF003D0D7A /* lotter_btn_music_down1.png */ = {isa = PBXFileReference; lastKnownFileType = image.png; path = lotter_btn_music_down1.png; sourceTree = "<group>"; };
		36E491E11DB61E19008EBF8D /* lotter_bg.png */ = {isa = PBXFileReference; lastKnownFileType = image.png; path = lotter_bg.png; sourceTree = "<group>"; };
		36E491E21DB61E19008EBF8D /* lotter_btn_music_down.png */ = {isa = PBXFileReference; lastKnownFileType = image.png; path = lotter_btn_music_down.png; sourceTree = "<group>"; };
		36E491E31DB61E19008EBF8D /* lotter_btn_music_up.png */ = {isa = PBXFileReference; lastKnownFileType = image.png; path = lotter_btn_music_up.png; sourceTree = "<group>"; };
		36E491E41DB61E19008EBF8D /* lotter_btn_reward.png */ = {isa = PBXFileReference; lastKnownFileType = image.png; path = lotter_btn_reward.png; sourceTree = "<group>"; };
		36E491E51DB61E19008EBF8D /* lotter_btn_rule.png */ = {isa = PBXFileReference; lastKnownFileType = image.png; path = lotter_btn_rule.png; sourceTree = "<group>"; };
		36E491E61DB61E19008EBF8D /* lotter_btn_share_down.png */ = {isa = PBXFileReference; lastKnownFileType = image.png; path = lotter_btn_share_down.png; sourceTree = "<group>"; };
		36E491E71DB61E19008EBF8D /* lotter_btn_share_up.png */ = {isa = PBXFileReference; lastKnownFileType = image.png; path = lotter_btn_share_up.png; sourceTree = "<group>"; };
		36E491E81DB61E19008EBF8D /* lottery_btn_cancel.png */ = {isa = PBXFileReference; lastKnownFileType = image.png; path = lottery_btn_cancel.png; sourceTree = "<group>"; };
		36E491E91DB61E19008EBF8D /* lottery_btn_go_down.png */ = {isa = PBXFileReference; lastKnownFileType = image.png; path = lottery_btn_go_down.png; sourceTree = "<group>"; };
		36E491EA1DB61E19008EBF8D /* lottery_btn_go_up.png */ = {isa = PBXFileReference; lastKnownFileType = image.png; path = lottery_btn_go_up.png; sourceTree = "<group>"; };
		36E491EB1DB61E19008EBF8D /* lottery_reward.png */ = {isa = PBXFileReference; lastKnownFileType = image.png; path = lottery_reward.png; sourceTree = "<group>"; };
/* End PBXFileReference section */

/* Begin PBXFrameworksBuildPhase section */
		3638EFD61DB45E1C003BD7BA /* Frameworks */ = {
			isa = PBXFrameworksBuildPhase;
			buildActionMask = 2147483647;
			files = (
				365655AF1DB74EA400424643 /* AVFoundation.framework in Frameworks */,
				3638F0121DB46235003BD7BA /* Foundation.framework in Frameworks */,
				3638F0101DB46227003BD7BA /* QuartzCore.framework in Frameworks */,
				3638F00E1DB46217003BD7BA /* CoreGraphics.framework in Frameworks */,
				3638F00C1DB46210003BD7BA /* UIKit.framework in Frameworks */,
			);
			runOnlyForDeploymentPostprocessing = 0;
		};
/* End PBXFrameworksBuildPhase section */

/* Begin PBXGroup section */
		3638EFD01DB45E1C003BD7BA = {
			isa = PBXGroup;
			children = (
				365655AE1DB74EA400424643 /* AVFoundation.framework */,
				3638F0111DB46235003BD7BA /* Foundation.framework */,
				3638F00F1DB46227003BD7BA /* QuartzCore.framework */,
				3638F00D1DB46217003BD7BA /* CoreGraphics.framework */,
				3638F00B1DB46210003BD7BA /* UIKit.framework */,
				3638EFDB1DB45E1C003BD7BA /* LaBaTargetMachine */,
				3638EFDA1DB45E1C003BD7BA /* Products */,
			);
			sourceTree = "<group>";
		};
		3638EFDA1DB45E1C003BD7BA /* Products */ = {
			isa = PBXGroup;
			children = (
				3638EFD91DB45E1C003BD7BA /* LaBaTargetMachine.app */,
			);
			name = Products;
			sourceTree = "<group>";
		};
		3638EFDB1DB45E1C003BD7BA /* LaBaTargetMachine */ = {
			isa = PBXGroup;
			children = (
				36E491E01DB61E19008EBF8D /* lotteryImage */,
				3638EFFA1DB45EEC003BD7BA /* Images */,
				3638EFF31DB45E4F003BD7BA /* ViewController */,
				3638EFDF1DB45E1C003BD7BA /* AppDelegate.h */,
				3638EFE01DB45E1C003BD7BA /* AppDelegate.m */,
				3638EFE51DB45E1C003BD7BA /* Main.storyboard */,
				3638EFE81DB45E1C003BD7BA /* Assets.xcassets */,
				3638EFEA1DB45E1C003BD7BA /* LaunchScreen.storyboard */,
				3638EFED1DB45E1C003BD7BA /* Info.plist */,
				3638EFDC1DB45E1C003BD7BA /* Supporting Files */,
			);
			path = LaBaTargetMachine;
			sourceTree = "<group>";
		};
		3638EFDC1DB45E1C003BD7BA /* Supporting Files */ = {
			isa = PBXGroup;
			children = (
				3638EFDD1DB45E1C003BD7BA /* main.m */,
			);
			name = "Supporting Files";
			sourceTree = "<group>";
		};
		3638EFF31DB45E4F003BD7BA /* ViewController */ = {
			isa = PBXGroup;
			children = (
				3638EFF41DB45EAA003BD7BA /* DemoViewController.h */,
				3638EFF51DB45EAA003BD7BA /* DemoViewController.m */,
				3638EFF61DB45EAA003BD7BA /* ZCSlotMachine.h */,
				3638EFF71DB45EAA003BD7BA /* ZCSlotMachine.m */,
				365655A11DB70EEA00424643 /* ZPopView.h */,
				365655A21DB70EEA00424643 /* ZPopView.m */,
			);
			path = ViewController;
			sourceTree = "<group>";
		};
		3638EFFA1DB45EEC003BD7BA /* Images */ = {
			isa = PBXGroup;
			children = (
				3638EFFB1DB45EEC003BD7BA /* Batman@2x.png */,
				3638EFFC1DB45EEC003BD7BA /* Doraemon@2x.png */,
				3638EFFD1DB45EEC003BD7BA /* Mario@2x.png */,
				3638EFFE1DB45EEC003BD7BA /* Nobi Nobita@2x.png */,
				3638EFFF1DB45EEC003BD7BA /* SlotMachineBackground@2x.png */,
				3638F0001DB45EEC003BD7BA /* SlotMachineCover@2x.png */,
				3638F0011DB45EEC003BD7BA /* StartBtn_H@2x.png */,
				3638F0021DB45EEC003BD7BA /* StartBtn_N@2x.png */,
				365655A81DB73A5700424643 /* atg.png */,
			);
			path = Images;
			sourceTree = "<group>";
		};
		36E491E01DB61E19008EBF8D /* lotteryImage */ = {
			isa = PBXGroup;
			children = (
				36E491E11DB61E19008EBF8D /* lotter_bg.png */,
				36E491E21DB61E19008EBF8D /* lotter_btn_music_down.png */,
				36CEB83D1DB75DBF003D0D7A /* lotter_btn_music_down1.png */,
				36E491E31DB61E19008EBF8D /* lotter_btn_music_up.png */,
				365655AA1DB749A500424643 /* lotter_btn_music_up1.png */,
				36E491E41DB61E19008EBF8D /* lotter_btn_reward.png */,
				36E491E51DB61E19008EBF8D /* lotter_btn_rule.png */,
				36E491E61DB61E19008EBF8D /* lotter_btn_share_down.png */,
				36E491E71DB61E19008EBF8D /* lotter_btn_share_up.png */,
				36E491E81DB61E19008EBF8D /* lottery_btn_cancel.png */,
				36E491E91DB61E19008EBF8D /* lottery_btn_go_down.png */,
				36E491EA1DB61E19008EBF8D /* lottery_btn_go_up.png */,
				36E491EB1DB61E19008EBF8D /* lottery_reward.png */,
				365655A61DB7182D00424643 /* lottery_rule.png */,
				365655AC1DB74E4000424643 /* lottery_music1.mp3 */,
			);
			path = lotteryImage;
			sourceTree = "<group>";
		};
/* End PBXGroup section */

/* Begin PBXNativeTarget section */
		3638EFD81DB45E1C003BD7BA /* LaBaTargetMachine */ = {
			isa = PBXNativeTarget;
			buildConfigurationList = 3638EFF01DB45E1C003BD7BA /* Build configuration list for PBXNativeTarget "LaBaTargetMachine" */;
			buildPhases = (
				3638EFD51DB45E1C003BD7BA /* Sources */,
				3638EFD61DB45E1C003BD7BA /* Frameworks */,
				3638EFD71DB45E1C003BD7BA /* Resources */,
			);
			buildRules = (
			);
			dependencies = (
			);
			name = LaBaTargetMachine;
			productName = LaBaTargetMachine;
			productReference = 3638EFD91DB45E1C003BD7BA /* LaBaTargetMachine.app */;
			productType = "com.apple.product-type.application";
		};
/* End PBXNativeTarget section */

/* Begin PBXProject section */
		3638EFD11DB45E1C003BD7BA /* Project object */ = {
			isa = PBXProject;
			attributes = {
				LastUpgradeCheck = 0730;
				ORGANIZATIONNAME = "腾程－zsw";
				TargetAttributes = {
					3638EFD81DB45E1C003BD7BA = {
						CreatedOnToolsVersion = 7.3.1;
						DevelopmentTeam = UWR8V7TND5;
					};
				};
			};
			buildConfigurationList = 3638EFD41DB45E1C003BD7BA /* Build configuration list for PBXProject "LaBaTargetMachine" */;
			compatibilityVersion = "Xcode 3.2";
			developmentRegion = English;
			hasScannedForEncodings = 0;
			knownRegions = (
				en,
				Base,
			);
			mainGroup = 3638EFD01DB45E1C003BD7BA;
			productRefGroup = 3638EFDA1DB45E1C003BD7BA /* Products */;
			projectDirPath = "";
			projectRoot = "";
			targets = (
				3638EFD81DB45E1C003BD7BA /* LaBaTargetMachine */,
			);
		};
/* End PBXProject section */

/* Begin PBXResourcesBuildPhase section */
		3638EFD71DB45E1C003BD7BA /* Resources */ = {
			isa = PBXResourcesBuildPhase;
			buildActionMask = 2147483647;
			files = (
				36E491F21DB61E19008EBF8D /* lotter_btn_share_down.png in Resources */,
				3638F0071DB45EEC003BD7BA /* SlotMachineBackground@2x.png in Resources */,
				3638F0041DB45EEC003BD7BA /* Doraemon@2x.png in Resources */,
				36E491F61DB61E19008EBF8D /* lottery_btn_go_up.png in Resources */,
				365655AD1DB74E4000424643 /* lottery_music1.mp3 in Resources */,
				3638EFEC1DB45E1C003BD7BA /* LaunchScreen.storyboard in Resources */,
				3638F0081DB45EEC003BD7BA /* SlotMachineCover@2x.png in Resources */,
				365655A91DB73A5700424643 /* atg.png in Resources */,
				3638F0031DB45EEC003BD7BA /* Batman@2x.png in Resources */,
				36E491EE1DB61E19008EBF8D /* lotter_btn_music_down.png in Resources */,
				3638F00A1DB45EEC003BD7BA /* StartBtn_N@2x.png in Resources */,
				36E491F51DB61E19008EBF8D /* lottery_btn_go_down.png in Resources */,
				36E491F41DB61E19008EBF8D /* lottery_btn_cancel.png in Resources */,
				36E491ED1DB61E19008EBF8D /* lotter_bg.png in Resources */,
				36CEB83E1DB75DBF003D0D7A /* lotter_btn_music_down1.png in Resources */,
				36E491F71DB61E19008EBF8D /* lottery_reward.png in Resources */,
				3638F0051DB45EEC003BD7BA /* Mario@2x.png in Resources */,
				3638F0061DB45EEC003BD7BA /* Nobi Nobita@2x.png in Resources */,
				36E491F31DB61E19008EBF8D /* lotter_btn_share_up.png in Resources */,
				36E491F11DB61E19008EBF8D /* lotter_btn_rule.png in Resources */,
				3638EFE91DB45E1C003BD7BA /* Assets.xcassets in Resources */,
				365655A71DB7182D00424643 /* lottery_rule.png in Resources */,
				36E491F01DB61E19008EBF8D /* lotter_btn_reward.png in Resources */,
				3638EFE71DB45E1C003BD7BA /* Main.storyboard in Resources */,
				3638F0091DB45EEC003BD7BA /* StartBtn_H@2x.png in Resources */,
				36E491EF1DB61E19008EBF8D /* lotter_btn_music_up.png in Resources */,
				365655AB1DB749A500424643 /* lotter_btn_music_up1.png in Resources */,
			);
			runOnlyForDeploymentPostprocessing = 0;
		};
/* End PBXResourcesBuildPhase section */

/* Begin PBXSourcesBuildPhase section */
		3638EFD51DB45E1C003BD7BA /* Sources */ = {
			isa = PBXSourcesBuildPhase;
			buildActionMask = 2147483647;
			files = (
				3638EFE11DB45E1C003BD7BA /* AppDelegate.m in Sources */,
				3638EFDE1DB45E1C003BD7BA /* main.m in Sources */,
				3638EFF81DB45EAA003BD7BA /* DemoViewController.m in Sources */,
				3638EFF91DB45EAA003BD7BA /* ZCSlotMachine.m in Sources */,
				365655A31DB70EEA00424643 /* ZPopView.m in Sources */,
			);
			runOnlyForDeploymentPostprocessing = 0;
		};
/* End PBXSourcesBuildPhase section */

/* Begin PBXVariantGroup section */
		3638EFE51DB45E1C003BD7BA /* Main.storyboard */ = {
			isa = PBXVariantGroup;
			children = (
				3638EFE61DB45E1C003BD7BA /* Base */,
			);
			name = Main.storyboard;
			sourceTree = "<group>";
		};
		3638EFEA1DB45E1C003BD7BA /* LaunchScreen.storyboard */ = {
			isa = PBXVariantGroup;
			children = (
				3638EFEB1DB45E1C003BD7BA /* Base */,
			);
			name = LaunchScreen.storyboard;
			sourceTree = "<group>";
		};
/* End PBXVariantGroup section */

/* Begin XCBuildConfiguration section */
		3638EFEE1DB45E1C003BD7BA /* Debug */ = {
			isa = XCBuildConfiguration;
			buildSettings = {
				ALWAYS_SEARCH_USER_PATHS = NO;
				CLANG_ANALYZER_NONNULL = YES;
				CLANG_CXX_LANGUAGE_STANDARD = "gnu++0x";
				CLANG_CXX_LIBRARY = "libc++";
				CLANG_ENABLE_MODULES = YES;
				CLANG_ENABLE_OBJC_ARC = YES;
				CLANG_WARN_BOOL_CONVERSION = YES;
				CLANG_WARN_CONSTANT_CONVERSION = YES;
				CLANG_WARN_DIRECT_OBJC_ISA_USAGE = YES_ERROR;
				CLANG_WARN_EMPTY_BODY = YES;
				CLANG_WARN_ENUM_CONVERSION = YES;
				CLANG_WARN_INT_CONVERSION = YES;
				CLANG_WARN_OBJC_ROOT_CLASS = YES_ERROR;
				CLANG_WARN_UNREACHABLE_CODE = YES;
				CLANG_WARN__DUPLICATE_METHOD_MATCH = YES;
				"CODE_SIGN_IDENTITY[sdk=iphoneos*]" = "iPhone Developer";
				COPY_PHASE_STRIP = NO;
				DEBUG_INFORMATION_FORMAT = dwarf;
				ENABLE_STRICT_OBJC_MSGSEND = YES;
				ENABLE_TESTABILITY = YES;
				GCC_C_LANGUAGE_STANDARD = gnu99;
				GCC_DYNAMIC_NO_PIC = NO;
				GCC_NO_COMMON_BLOCKS = YES;
				GCC_OPTIMIZATION_LEVEL = 0;
				GCC_PREPROCESSOR_DEFINITIONS = (
					"DEBUG=1",
					"$(inherited)",
				);
				GCC_WARN_64_TO_32_BIT_CONVERSION = YES;
				GCC_WARN_ABOUT_RETURN_TYPE = YES_ERROR;
				GCC_WARN_UNDECLARED_SELECTOR = YES;
				GCC_WARN_UNINITIALIZED_AUTOS = YES_AGGRESSIVE;
				GCC_WARN_UNUSED_FUNCTION = YES;
				GCC_WARN_UNUSED_VARIABLE = YES;
				IPHONEOS_DEPLOYMENT_TARGET = 9.3;
				MTL_ENABLE_DEBUG_INFO = YES;
				ONLY_ACTIVE_ARCH = YES;
				SDKROOT = iphoneos;
				TARGETED_DEVICE_FAMILY = "1,2";
			};
			name = Debug;
		};
		3638EFEF1DB45E1C003BD7BA /* Release */ = {
			isa = XCBuildConfiguration;
			buildSettings = {
				ALWAYS_SEARCH_USER_PATHS = NO;
				CLANG_ANALYZER_NONNULL = YES;
				CLANG_CXX_LANGUAGE_STANDARD = "gnu++0x";
				CLANG_CXX_LIBRARY = "libc++";
				CLANG_ENABLE_MODULES = YES;
				CLANG_ENABLE_OBJC_ARC = YES;
				CLANG_WARN_BOOL_CONVERSION = YES;
				CLANG_WARN_CONSTANT_CONVERSION = YES;
				CLANG_WARN_DIRECT_OBJC_ISA_USAGE = YES_ERROR;
				CLANG_WARN_EMPTY_BODY = YES;
				CLANG_WARN_ENUM_CONVERSION = YES;
				CLANG_WARN_INT_CONVERSION = YES;
				CLANG_WARN_OBJC_ROOT_CLASS = YES_ERROR;
				CLANG_WARN_UNREACHABLE_CODE = YES;
				CLANG_WARN__DUPLICATE_METHOD_MATCH = YES;
				"CODE_SIGN_IDENTITY[sdk=iphoneos*]" = "iPhone Developer";
				COPY_PHASE_STRIP = NO;
				DEBUG_INFORMATION_FORMAT = "dwarf-with-dsym";
				ENABLE_NS_ASSERTIONS = NO;
				ENABLE_STRICT_OBJC_MSGSEND = YES;
				GCC_C_LANGUAGE_STANDARD = gnu99;
				GCC_NO_COMMON_BLOCKS = YES;
				GCC_WARN_64_TO_32_BIT_CONVERSION = YES;
				GCC_WARN_ABOUT_RETURN_TYPE = YES_ERROR;
				GCC_WARN_UNDECLARED_SELECTOR = YES;
				GCC_WARN_UNINITIALIZED_AUTOS = YES_AGGRESSIVE;
				GCC_WARN_UNUSED_FUNCTION = YES;
				GCC_WARN_UNUSED_VARIABLE = YES;
				IPHONEOS_DEPLOYMENT_TARGET = 9.3;
				MTL_ENABLE_DEBUG_INFO = NO;
				SDKROOT = iphoneos;
				TARGETED_DEVICE_FAMILY = "1,2";
				VALIDATE_PRODUCT = YES;
			};
			name = Release;
		};
		3638EFF11DB45E1C003BD7BA /* Debug */ = {
			isa = XCBuildConfiguration;
			buildSettings = {
				ASSETCATALOG_COMPILER_APPICON_NAME = AppIcon;
				CODE_SIGN_IDENTITY = "iPhone Developer";
				"CODE_SIGN_IDENTITY[sdk=iphoneos*]" = "iPhone Developer";
				INFOPLIST_FILE = LaBaTargetMachine/Info.plist;
				IPHONEOS_DEPLOYMENT_TARGET = 8.0;
				LD_RUNPATH_SEARCH_PATHS = "$(inherited) @executable_path/Frameworks";
				PRODUCT_BUNDLE_IDENTIFIER = com.zsw.LaBaTargetMachinezsw;
				PRODUCT_NAME = "$(TARGET_NAME)";
				PROVISIONING_PROFILE = "";
			};
			name = Debug;
		};
		3638EFF21DB45E1C003BD7BA /* Release */ = {
			isa = XCBuildConfiguration;
			buildSettings = {
				ASSETCATALOG_COMPILER_APPICON_NAME = AppIcon;
				CODE_SIGN_IDENTITY = "iPhone Developer";
				"CODE_SIGN_IDENTITY[sdk=iphoneos*]" = "iPhone Developer";
				INFOPLIST_FILE = LaBaTargetMachine/Info.plist;
				IPHONEOS_DEPLOYMENT_TARGET = 8.0;
				LD_RUNPATH_SEARCH_PATHS = "$(inherited) @executable_path/Frameworks";
				PRODUCT_BUNDLE_IDENTIFIER = com.zsw.LaBaTargetMachinezsw;
				PRODUCT_NAME = "$(TARGET_NAME)";
				PROVISIONING_PROFILE = "";
			};
			name = Release;
		};
/* End XCBuildConfiguration section */

/* Begin XCConfigurationList section */
		3638EFD41DB45E1C003BD7BA /* Build configuration list for PBXProject "LaBaTargetMachine" */ = {
			isa = XCConfigurationList;
			buildConfigurations = (
				3638EFEE1DB45E1C003BD7BA /* Debug */,
				3638EFEF1DB45E1C003BD7BA /* Release */,
			);
			defaultConfigurationIsVisible = 0;
			defaultConfigurationName = Release;
		};
		3638EFF01DB45E1C003BD7BA /* Build configuration list for PBXNativeTarget "LaBaTargetMachine" */ = {
			isa = XCConfigurationList;
			buildConfigurations = (
				3638EFF11DB45E1C003BD7BA /* Debug */,
				3638EFF21DB45E1C003BD7BA /* Release */,
			);
			defaultConfigurationIsVisible = 0;
			defaultConfigurationName = Release;
		};
/* End XCConfigurationList section */
	};
	rootObject = 3638EFD11DB45E1C003BD7BA /* Project object */;
}
